
Microsoft Visual Studio Solution File, Format Version 12.00
# Visual Studio Version 17
VisualStudioVersion = 17.4.33213.308
MinimumVisualStudioVersion = 10.0.40219.1
Project("{FAE04EC0-301F-11D3-BF4B-00C04F79EFBC}") = "ProducerConsumer23", "ProducerConsumer23\ProducerConsumer23.csproj", "{F1702569-BD15-402F-B85B-D63264C6C19C}"
EndProject
Global
	GlobalSection(SolutionConfigurationPlatforms) = preSolution
		Debug|Any CPU = Debug|Any CPU
		Release|Any CPU = Release|Any CPU
	EndGlobalSection
	GlobalSection(ProjectConfigurationPlatforms) = postSolution
		{F1702569-BD15-402F-B85B-D63264C6C19C}.Debug|Any CPU.ActiveCfg = Debug|Any CPU
		{F1702569-BD15-402F-B85B-D63264C6C19C}.Debug|Any CPU.Build.0 = Debug|Any CPU
		{F1702569-BD15-402F-B85B-D63264C6C19C}.Release|Any CPU.ActiveCfg = Release|Any CPU
		{F1702569-BD15-402F-B85B-D63264C6C19C}.Release|Any CPU.Build.0 = Release|Any CPU
	EndGlobalSection
	GlobalSection(SolutionProperties) = preSolution
		HideSolutionNode = FALSE
	EndGlobalSection
	GlobalSection(ExtensibilityGlobals) = postSolution
		SolutionGuid = {66192801-2FEA-469E-AF1A-0E6033FDC304}
	EndGlobalSection
EndGlobal
